Microsoft Visual Studio Solution File, Format Version 12.00
# Visual Studio Version 17
VisualStudioVersion = 17.5.2.0
MinimumVisualStudioVersion = 10.0.40219.1
Project("{FAE04EC0-301F-11D3-BF4B-00C04F79EFBC}") = "Privacy", "Privacy.csproj", "{A2F7D58C-2720-7C5D-95CF-5C4B2C954F16}"
EndProject
Global
	GlobalSection(SolutionConfigurationPlatforms) = preSolution
		Debug|Any CPU = Debug|Any CPU
		Release|Any CPU = Release|Any CPU
	EndGlobalSection
	GlobalSection(ProjectConfigurationPlatforms) = postSolution
		{A2F7D58C-2720-7C5D-95CF-5C4B2C954F16}.Debug|Any CPU.ActiveCfg = Debug|Any CPU
		{A2F7D58C-2720-7C5D-95CF-5C4B2C954F16}.Debug|Any CPU.Build.0 = Debug|Any CPU
		{A2F7D58C-2720-7C5D-95CF-5C4B2C954F16}.Release|Any CPU.ActiveCfg = Release|Any CPU
		{A2F7D58C-2720-7C5D-95CF-5C4B2C954F16}.Release|Any CPU.Build.0 = Release|Any CPU
	EndGlobalSection
	GlobalSection(SolutionProperties) = preSolution
		HideSolutionNode = FALSE
	EndGlobalSection
	GlobalSection(ExtensibilityGlobals) = postSolution
		SolutionGuid = {945AFF01-45F3-4989-97DD-DA2BD53924B8}
	EndGlobalSection
EndGlobal
